Microsoft Visual Studio Solution File, Format Version 12.00
# Visual Studio 2012
Project("{41505E46-0262-6041-A00B-2FAB5BB1F144}") = "gameObjectLabo", "Assembly-CSharp.csproj", "{4AF137AB-B409-47B6-227D-26C5670C605B}"
EndProject
Project("{41505E46-0262-6041-A00B-2FAB5BB1F144}") = "gameObjectLabo", "Assembly-CSharp-Editor-firstpass.csproj", "{11C9A912-A556-6301-F9E2-58BBD6D51DDB}"
EndProject
Global
	GlobalSection(SolutionConfigurationPlatforms) = preSolution
		Debug|Any CPU = Debug|Any CPU
		Release|Any CPU = Release|Any CPU
	EndGlobalSection
	GlobalSection(ProjectConfigurationPlatforms) = postSolution
		{4AF137AB-B409-47B6-227D-26C5670C605B}.Debug|Any CPU.ActiveCfg = Debug|Any CPU
		{4AF137AB-B409-47B6-227D-26C5670C605B}.Debug|Any CPU.Build.0 = Debug|Any CPU
		{4AF137AB-B409-47B6-227D-26C5670C605B}.Release|Any CPU.ActiveCfg = Release|Any CPU
		{4AF137AB-B409-47B6-227D-26C5670C605B}.Release|Any CPU.Build.0 = Release|Any CPU
		{11C9A912-A556-6301-F9E2-58BBD6D51DDB}.Debug|Any CPU.ActiveCfg = Debug|Any CPU
		{11C9A912-A556-6301-F9E2-58BBD6D51DDB}.Debug|Any CPU.Build.0 = Debug|Any CPU
		{11C9A912-A556-6301-F9E2-58BBD6D51DDB}.Release|Any CPU.ActiveCfg = Release|Any CPU
		{11C9A912-A556-6301-F9E2-58BBD6D51DDB}.Release|Any CPU.Build.0 = Release|Any CPU
	EndGlobalSection
	GlobalSection(MonoDevelopProperties) = preSolution
		StartupItem = Assembly-CSharp.csproj
	EndGlobalSection
EndGlobal
